// !$*UTF8*$!
{
	archiveVersion = 1;
	classes = {
	};
	objectVersion = 46;
	objects = {

/* Begin PBXBuildFile section */
		FC86BA271C346FD900C6F332 /* AppDelegate.swift in Sources */ = {isa = PBXBuildFile; fileRef = FC86BA261C346FD900C6F332 /* AppDelegate.swift */; };
		FC86BA291C346FD900C6F332 /* ViewController.swift in Sources */ = {isa = PBXBuildFile; fileRef = FC86BA281C346FD900C6F332 /* ViewController.swift */; };
		FC86BA2C1C346FD900C6F332 /* Main.storyboard in Resources */ = {isa = PBXBuildFile; fileRef = FC86BA2A1C346FD900C6F332 /* Main.storyboard */; };
		FC86BA2E1C346FD900C6F332 /* Assets.xcassets in Resources */ = {isa = PBXBuildFile; fileRef = FC86BA2D1C346FD900C6F332 /* Assets.xcassets */; };
		FC86BA311C346FD900C6F332 /* LaunchScreen.storyboard in Resources */ = {isa = PBXBuildFile; fileRef = FC86BA2F1C346FD900C6F332 /* LaunchScreen.storyboard */; };
		FC86BA391C34835800C6F332 /* DetailVC.swift in Sources */ = {isa = PBXBuildFile; fileRef = FC86BA381C34835800C6F332 /* DetailVC.swift */; };
		FC86BA3B1C34976700C6F332 /* PhotosVC.swift in Sources */ = {isa = PBXBuildFile; fileRef = FC86BA3A1C34976700C6F332 /* PhotosVC.swift */; };
/* End PBXBuildFile section */

/* Begin PBXFileReference section */
		FC86BA231C346FD900C6F332 /* FavoritePlace.app */ = {isa = PBXFileReference; explicitFileType = wrapper.application; includeInIndex = 0; path = FavoritePlace.app; sourceTree = BUILT_PRODUCTS_DIR; };
		FC86BA261C346FD900C6F332 /* AppDelegate.swift */ = {isa = PBXFileReference; lastKnownFileType = sourcecode.swift; path = AppDelegate.swift; sourceTree = "<group>"; };
		FC86BA281C346FD900C6F332 /* ViewController.swift */ = {isa = PBXFileReference; lastKnownFileType = sourcecode.swift; path = ViewController.swift; sourceTree = "<group>"; };
		FC86BA2B1C346FD900C6F332 /* Base */ = {isa = PBXFileReference; lastKnownFileType = file.storyboard; name = Base; path = Base.lproj/Main.storyboard; sourceTree = "<group>"; };
		FC86BA2D1C346FD900C6F332 /* Assets.xcassets */ = {isa = PBXFileReference; lastKnownFileType = folder.assetcatalog; path = Assets.xcassets; sourceTree = "<group>"; };
		FC86BA301C346FD900C6F332 /* Base */ = {isa = PBXFileReference; lastKnownFileType = file.storyboard; name = Base; path = Base.lproj/LaunchScreen.storyboard; sourceTree = "<group>"; };
		FC86BA321C346FD900C6F332 /* Info.plist */ = {isa = PBXFileReference; lastKnownFileType = text.plist.xml; path = Info.plist; sourceTree = "<group>"; };
		FC86BA381C34835800C6F332 /* DetailVC.swift */ = {isa = PBXFileReference; fileEncoding = 4; lastKnownFileType = sourcecode.swift; path = DetailVC.swift; sourceTree = "<group>"; };
		FC86BA3A1C34976700C6F332 /* PhotosVC.swift */ = {isa = PBXFileReference; fileEncoding = 4; lastKnownFileType = sourcecode.swift; path = PhotosVC.swift; sourceTree = "<group>"; };
/* End PBXFileReference section */

/* Begin PBXFrameworksBuildPhase section */
		FC86BA201C346FD900C6F332 /* Frameworks */ = {
			isa = PBXFrameworksBuildPhase;
			buildActionMask = 2147483647;
			files = (
			);
			runOnlyForDeploymentPostprocessing = 0;
		};
/* End PBXFrameworksBuildPhase section */

/* Begin PBXGroup section */
		FC86BA1A1C346FD900C6F332 = {
			isa = PBXGroup;
			children = (
				FC86BA251C346FD900C6F332 /* FavoritePlace */,
				FC86BA241C346FD900C6F332 /* Products */,
			);
			sourceTree = "<group>";
		};
		FC86BA241C346FD900C6F332 /* Products */ = {
			isa = PBXGroup;
			children = (
				FC86BA231C346FD900C6F332 /* FavoritePlace.app */,
			);
			name = Products;
			sourceTree = "<group>";
		};
		FC86BA251C346FD900C6F332 /* FavoritePlace */ = {
			isa = PBXGroup;
			children = (
				FC86BA281C346FD900C6F332 /* ViewController.swift */,
				FC86BA3A1C34976700C6F332 /* PhotosVC.swift */,
				FC86BA381C34835800C6F332 /* DetailVC.swift */,
				FC86BA2A1C346FD900C6F332 /* Main.storyboard */,
				FC86BA2D1C346FD900C6F332 /* Assets.xcassets */,
				FC86BA2F1C346FD900C6F332 /* LaunchScreen.storyboard */,
				FC86BA261C346FD900C6F332 /* AppDelegate.swift */,
				FC86BA321C346FD900C6F332 /* Info.plist */,
			);
			path = FavoritePlace;
			sourceTree = "<group>";
		};
/* End PBXGroup section */

/* Begin PBXNativeTarget section */
		FC86BA221C346FD900C6F332 /* FavoritePlace */ = {
			isa = PBXNativeTarget;
			buildConfigurationList = FC86BA351C346FD900C6F332 /* Build configuration list for PBXNativeTarget "FavoritePlace" */;
			buildPhases = (
				FC86BA1F1C346FD900C6F332 /* Sources */,
				FC86BA201C346FD900C6F332 /* Frameworks */,
				FC86BA211C346FD900C6F332 /* Resources */,
			);
			buildRules = (
			);
			dependencies = (
			);
			name = FavoritePlace;
			productName = FavoritePlace;
			productReference = FC86BA231C346FD900C6F332 /* FavoritePlace.app */;
			productType = "com.apple.product-type.application";
		};
/* End PBXNativeTarget section */

/* Begin PBXProject section */
		FC86BA1B1C346FD900C6F332 /* Project object */ = {
			isa = PBXProject;
			attributes = {
				LastSwiftUpdateCheck = 0720;
				LastUpgradeCheck = 0720;
				ORGANIZATIONNAME = "ciccio boles";
				TargetAttributes = {
					FC86BA221C346FD900C6F332 = {
						CreatedOnToolsVersion = 7.2;
					};
				};
			};
			buildConfigurationList = FC86BA1E1C346FD900C6F332 /* Build configuration list for PBXProject "FavoritePlace" */;
			compatibilityVersion = "Xcode 3.2";
			developmentRegion = English;
			hasScannedForEncodings = 0;
			knownRegions = (
				en,
				Base,
			);
			mainGroup = FC86BA1A1C346FD900C6F332;
			productRefGroup = FC86BA241C346FD900C6F332 /* Products */;
			projectDirPath = "";
			projectRoot = "";
			targets = (
				FC86BA221C346FD900C6F332 /* FavoritePlace */,
			);
		};
/* End PBXProject section */

/* Begin PBXResourcesBuildPhase section */
		FC86BA211C346FD900C6F332 /* Resources */ = {
			isa = PBXResourcesBuildPhase;
			buildActionMask = 2147483647;
			files = (
				FC86BA311C346FD900C6F332 /* LaunchScreen.storyboard in Resources */,
				FC86BA2E1C346FD900C6F332 /* Assets.xcassets in Resources */,
				FC86BA2C1C346FD900C6F332 /* Main.storyboard in Resources */,
			);
			runOnlyForDeploymentPostprocessing = 0;
		};
/* End PBXResourcesBuildPhase section */

/* Begin PBXSourcesBuildPhase section */
		FC86BA1F1C346FD900C6F332 /* Sources */ = {
			isa = PBXSourcesBuildPhase;
			buildActionMask = 2147483647;
			files = (
				FC86BA291C346FD900C6F332 /* ViewController.swift in Sources */,
				FC86BA271C346FD900C6F332 /* AppDelegate.swift in Sources */,
				FC86BA391C34835800C6F332 /* DetailVC.swift in Sources */,
				FC86BA3B1C34976700C6F332 /* PhotosVC.swift in Sources */,
			);
			runOnlyForDeploymentPostprocessing = 0;
		};
/* End PBXSourcesBuildPhase section */

/* Begin PBXVariantGroup section */
		FC86BA2A1C346FD900C6F332 /* Main.storyboard */ = {
			isa = PBXVariantGroup;
			children = (
				FC86BA2B1C346FD900C6F332 /* Base */,
			);
			name = Main.storyboard;
			sourceTree = "<group>";
		};
		FC86BA2F1C346FD900C6F332 /* LaunchScreen.storyboard */ = {
			isa = PBXVariantGroup;
			children = (
				FC86BA301C346FD900C6F332 /* Base */,
			);
			name = LaunchScreen.storyboard;
			sourceTree = "<group>";
		};
/* End PBXVariantGroup section */

/* Begin XCBuildConfiguration section */
		FC86BA331C346FD900C6F332 /* Debug */ = {
			isa = XCBuildConfiguration;
			buildSettings = {
				ALWAYS_SEARCH_USER_PATHS = NO;
				CLANG_CXX_LANGUAGE_STANDARD = "gnu++0x";
				CLANG_CXX_LIBRARY = "libc++";
				CLANG_ENABLE_MODULES = YES;
				CLANG_ENABLE_OBJC_ARC = YES;
				CLANG_WARN_BOOL_CONVERSION = YES;
				CLANG_WARN_CONSTANT_CONVERSION = YES;
				CLANG_WARN_DIRECT_OBJC_ISA_USAGE = YES_ERROR;
				CLANG_WARN_EMPTY_BODY = YES;
				CLANG_WARN_ENUM_CONVERSION = YES;
				CLANG_WARN_INT_CONVERSION = YES;
				CLANG_WARN_OBJC_ROOT_CLASS = YES_ERROR;
				CLANG_WARN_UNREACHABLE_CODE = YES;
				CLANG_WARN__DUPLICATE_METHOD_MATCH = YES;
				"CODE_SIGN_IDENTITY[sdk=iphoneos*]" = "iPhone Developer";
				COPY_PHASE_STRIP = NO;
				DEBUG_INFORMATION_FORMAT = dwarf;
				ENABLE_STRICT_OBJC_MSGSEND = YES;
				ENABLE_TESTABILITY = YES;
				GCC_C_LANGUAGE_STANDARD = gnu99;
				GCC_DYNAMIC_NO_PIC = NO;
				GCC_NO_COMMON_BLOCKS = YES;
				GCC_OPTIMIZATION_LEVEL = 0;
				GCC_PREPROCESSOR_DEFINITIONS = (
					"DEBUG=1",
					"$(inherited)",
				);
				GCC_WARN_64_TO_32_BIT_CONVERSION = YES;
				GCC_WARN_ABOUT_RETURN_TYPE = YES_ERROR;
				GCC_WARN_UNDECLARED_SELECTOR = YES;
				GCC_WARN_UNINITIALIZED_AUTOS = YES_AGGRESSIVE;
				GCC_WARN_UNUSED_FUNCTION = YES;
				GCC_WARN_UNUSED_VARIABLE = YES;
				IPHONEOS_DEPLOYMENT_TARGET = 9.2;
				MTL_ENABLE_DEBUG_INFO = YES;
				ONLY_ACTIVE_ARCH = YES;
				SDKROOT = iphoneos;
				SWIFT_OPTIMIZATION_LEVEL = "-Onone";
				TARGETED_DEVICE_FAMILY = "1,2";
			};
			name = Debug;
		};
		FC86BA341C346FD900C6F332 /* Release */ = {
			isa = XCBuildConfiguration;
			buildSettings = {
				ALWAYS_SEARCH_USER_PATHS = NO;
				CLANG_CXX_LANGUAGE_STANDARD = "gnu++0x";
				CLANG_CXX_LIBRARY = "libc++";
				CLANG_ENABLE_MODULES = YES;
				CLANG_ENABLE_OBJC_ARC = YES;
				CLANG_WARN_BOOL_CONVERSION = YES;
				CLANG_WARN_CONSTANT_CONVERSION = YES;
				CLANG_WARN_DIRECT_OBJC_ISA_USAGE = YES_ERROR;
				CLANG_WARN_EMPTY_BODY = YES;
				CLANG_WARN_ENUM_CONVERSION = YES;
				CLANG_WARN_INT_CONVERSION = YES;
				CLANG_WARN_OBJC_ROOT_CLASS = YES_ERROR;
				CLANG_WARN_UNREACHABLE_CODE = YES;
				CLANG_WARN__DUPLICATE_METHOD_MATCH = YES;
				"CODE_SIGN_IDENTITY[sdk=iphoneos*]" = "iPhone Developer";
				COPY_PHASE_STRIP = NO;
				DEBUG_INFORMATION_FORMAT = "dwarf-with-dsym";
				ENABLE_NS_ASSERTIONS = NO;
				ENABLE_STRICT_OBJC_MSGSEND = YES;
				GCC_C_LANGUAGE_STANDARD = gnu99;
				GCC_NO_COMMON_BLOCKS = YES;
				GCC_WARN_64_TO_32_BIT_CONVERSION = YES;
				GCC_WARN_ABOUT_RETURN_TYPE = YES_ERROR;
				GCC_WARN_UNDECLARED_SELECTOR = YES;
				GCC_WARN_UNINITIALIZED_AUTOS = YES_AGGRESSIVE;
				GCC_WARN_UNUSED_FUNCTION = YES;
				GCC_WARN_UNUSED_VARIABLE = YES;
				IPHONEOS_DEPLOYMENT_TARGET = 9.2;
				MTL_ENABLE_DEBUG_INFO = NO;
				SDKROOT = iphoneos;
				TARGETED_DEVICE_FAMILY = "1,2";
				VALIDATE_PRODUCT = YES;
			};
			name = Release;
		};
		FC86BA361C346FD900C6F332 /* Debug */ = {
			isa = XCBuildConfiguration;
			buildSettings = {
				ASSETCATALOG_COMPILER_APPICON_NAME = AppIcon;
				INFOPLIST_FILE = FavoritePlace/Info.plist;
				LD_RUNPATH_SEARCH_PATHS = "$(inherited) @executable_path/Frameworks";
				PRODUCT_BUNDLE_IDENTIFIER = com.ciccio.FavoritePlace;
				PRODUCT_NAME = "$(TARGET_NAME)";
			};
			name = Debug;
		};
		FC86BA371C346FD900C6F332 /* Release */ = {
			isa = XCBuildConfiguration;
			buildSettings = {
				ASSETCATALOG_COMPILER_APPICON_NAME = AppIcon;
				INFOPLIST_FILE = FavoritePlace/Info.plist;
				LD_RUNPATH_SEARCH_PATHS = "$(inherited) @executable_path/Frameworks";
				PRODUCT_BUNDLE_IDENTIFIER = com.ciccio.FavoritePlace;
				PRODUCT_NAME = "$(TARGET_NAME)";
			};
			name = Release;
		};
/* End XCBuildConfiguration section */

/* Begin XCConfigurationList section */
		FC86BA1E1C346FD900C6F332 /* Build configuration list for PBXProject "FavoritePlace" */ = {
			isa = XCConfigurationList;
			buildConfigurations = (
				FC86BA331C346FD900C6F332 /* Debug */,
				FC86BA341C346FD900C6F332 /* Release */,
			);
			defaultConfigurationIsVisible = 0;
			defaultConfigurationName = Release;
		};
		FC86BA351C346FD900C6F332 /* Build configuration list for PBXNativeTarget "FavoritePlace" */ = {
			isa = XCConfigurationList;
			buildConfigurations = (
				FC86BA361C346FD900C6F332 /* Debug */,
				FC86BA371C346FD900C6F332 /* Release */,
			);
			defaultConfigurationIsVisible = 0;
		};
/* End XCConfigurationList section */
	};
	rootObject = FC86BA1B1C346FD900C6F332 /* Project object */;
}
